# THIS IS AN AUTOGENERATED FILE. DO NOT EDIT THIS FILE DIRECTLY.
# yarn lockfile v1


"@types/luaparse@^0.2.12":
  version "0.2.12"
  resolved "https://registry.yarnpkg.com/@types/luaparse/-/luaparse-0.2.12.tgz#0cb055f57b80cfc663769789074a5679b4b31828"
  integrity sha512-liSE0OFeTsKejYrWVZHNA+WOPHj+kGjjZwE+xcojPM9SE2k8sdLDXZB4CObQ+uUkVtKKNOC8+m0wg1F7Nlmt8w==

"@types/node@*", "@types/node@^22.3.0":
  version "22.3.0"
  resolved "https://registry.yarnpkg.com/@types/node/-/node-22.3.0.tgz#7f8da0e2b72c27c4f9bd3cb5ef805209d04d4f9e"
  integrity sha512-nrWpWVaDZuaVc5X84xJ0vNrLvomM205oQyLsRt7OHNZbSHslcWsvgFR7O7hire2ZonjLrWBbedmotmIlJDVd6g==
  dependencies:
    undici-types "~6.18.2"

"@types/yauzl@^2.10.3":
  version "2.10.3"
  resolved "https://registry.yarnpkg.com/@types/yauzl/-/yauzl-2.10.3.tgz#e9b2808b4f109504a03cda958259876f61017999"
  integrity sha512-oJoftv0LSuaDZE3Le4DbKX+KS9G36NzOeSap90UIK0yMA/NhKJhqlSGtNDORNRaIbQfzjXDrQa0ytJ6mNRGz/Q==
  dependencies:
    "@types/node" "*"

buffer-crc32@~0.2.3:
  version "0.2.13"
  resolved "https://registry.yarnpkg.com/buffer-crc32/-/buffer-crc32-0.2.13.tgz#0d333e3f00eac50aa1454abd30ef8c2a5d9a7242"
  integrity sha512-VO9Ht/+p3SN7SKWqcrgEzjGbRSJYTx+Q1pTQC0wrWqHx0vpJraQ6GtHx8tvcg1rlK1byhU5gccxgOgj7B0TDkQ==

luaparse@^0.3.1:
  version "0.3.1"
  resolved "https://registry.yarnpkg.com/luaparse/-/luaparse-0.3.1.tgz#0899fe5ff5ad3ccd3166632027d150b91291b330"
  integrity sha512-b21h2bFEbtGXmVqguHogbyrMAA0wOHyp9u/rx+w6Yc9pW1t9YjhGUsp87lYcp7pFRqSWN/PhFkrdIqKEUzRjjQ==

pend@~1.2.0:
  version "1.2.0"
  resolved "https://registry.yarnpkg.com/pend/-/pend-1.2.0.tgz#7a57eb550a6783f9115331fcf4663d5c8e007a50"
  integrity sha512-F3asv42UuXchdzt+xXqfW1OGlVBe+mxa2mqI0pg5yAHZPvFmY3Y6drSf/GQ1A86WgWEN9Kzh/WrgKa6iGcHXLg==

typescript@^5.5.4:
  version "5.5.4"
  resolved "https://registry.yarnpkg.com/typescript/-/typescript-5.5.4.tgz#d9852d6c82bad2d2eda4fd74a5762a8f5909e9ba"
  integrity sha512-Mtq29sKDAEYP7aljRgtPOpTvOfbwRWlS6dPRzwjdE+C0R4brX/GUyhHSecbHMFLNBLcJIPt9nl9yG5TZ1weH+Q==

undici-types@~6.18.2:
  version "6.18.2"
  resolved "https://registry.yarnpkg.com/undici-types/-/undici-types-6.18.2.tgz#8b678cf939d4fc9ec56be3c68ed69c619dee28b0"
  integrity sha512-5ruQbENj95yDYJNS3TvcaxPMshV7aizdv/hWYjGIKoANWKjhWNBsr2YEuYZKodQulB1b8l7ILOuDQep3afowQQ==

yauzl@^3.1.3:
  version "3.1.3"
  resolved "https://registry.yarnpkg.com/yauzl/-/yauzl-3.1.3.tgz#f61c17ad1a09403bc7adb01dfb302a9e74bf4a50"
  integrity sha512-JCCdmlJJWv7L0q/KylOekyRaUrdEoUxWkWVcgorosTROCFWiS9p2NNPE9Yb91ak7b1N5SxAZEliWpspbZccivw==
  dependencies:
    buffer-crc32 "~0.2.3"
    pend "~1.2.0"
